
Microsoft Visual Studio Solution File, Format Version 12.00
# Visual Studio Version 16
VisualStudioVersion = 16.0.32228.343
MinimumVisualStudioVersion = 10.0.40219.1
Project("{FAE04EC0-301F-11D3-BF4B-00C04F79EFBC}") = "Nyajimmunitás", "Nyajimmunitás\Nyajimmunitás.csproj", "{98D9C796-71B3-41FA-8078-4F77665AFB36}"
EndProject
Global
	GlobalSection(SolutionConfigurationPlatforms) = preSolution
		Debug|Any CPU = Debug|Any CPU
		Release|Any CPU = Release|Any CPU
	EndGlobalSection
	GlobalSection(ProjectConfigurationPlatforms) = postSolution
		{98D9C796-71B3-41FA-8078-4F77665AFB36}.Debug|Any CPU.ActiveCfg = Debug|Any CPU
		{98D9C796-71B3-41FA-8078-4F77665AFB36}.Debug|Any CPU.Build.0 = Debug|Any CPU
		{98D9C796-71B3-41FA-8078-4F77665AFB36}.Release|Any CPU.ActiveCfg = Release|Any CPU
		{98D9C796-71B3-41FA-8078-4F77665AFB36}.Release|Any CPU.Build.0 = Release|Any CPU
	EndGlobalSection
	GlobalSection(SolutionProperties) = preSolution
		HideSolutionNode = FALSE
	EndGlobalSection
	GlobalSection(ExtensibilityGlobals) = postSolution
		SolutionGuid = {86DCD885-055C-4434-9F06-1D6756AC6D34}
	EndGlobalSection
EndGlobal
